
Microsoft Visual Studio Solution File, Format Version 12.00
# Visual Studio Version 17
VisualStudioVersion = 17.11.35303.130
MinimumVisualStudioVersion = 10.0.40219.1
Project("{FAE04EC0-301F-11D3-BF4B-00C04F79EFBC}") = "Blackjack", "Blackjack\Blackjack.csproj", "{9CE86E7A-B0FB-4862-A601-618E40E3F4DF}"
EndProject
Global
	GlobalSection(SolutionConfigurationPlatforms) = preSolution
		Debug|Any CPU = Debug|Any CPU
		Release|Any CPU = Release|Any CPU
	EndGlobalSection
	GlobalSection(ProjectConfigurationPlatforms) = postSolution
		{9CE86E7A-B0FB-4862-A601-618E40E3F4DF}.Debug|Any CPU.ActiveCfg = Debug|Any CPU
		{9CE86E7A-B0FB-4862-A601-618E40E3F4DF}.Debug|Any CPU.Build.0 = Debug|Any CPU
		{9CE86E7A-B0FB-4862-A601-618E40E3F4DF}.Release|Any CPU.ActiveCfg = Release|Any CPU
		{9CE86E7A-B0FB-4862-A601-618E40E3F4DF}.Release|Any CPU.Build.0 = Release|Any CPU
	EndGlobalSection
	GlobalSection(SolutionProperties) = preSolution
		HideSolutionNode = FALSE
	EndGlobalSection
	GlobalSection(ExtensibilityGlobals) = postSolution
		SolutionGuid = {6AD0A414-7F90-4582-86DE-9B8CA3E7EE59}
	EndGlobalSection
EndGlobal
